// !$*UTF8*$!
{
	archiveVersion = 1;
	classes = {
	};
	objectVersion = 77;
	objects = {

/* Begin PBXContainerItemProxy section */
		1243906E2D47B66500CAB1B7 /* PBXContainerItemProxy */ = {
			isa = PBXContainerItemProxy;
			containerPortal = 124390502D47B66300CAB1B7 /* Project object */;
			proxyType = 1;
			remoteGlobalIDString = 124390572D47B66300CAB1B7;
			remoteInfo = LearnToTest;
		};
		124390782D47B66500CAB1B7 /* PBXContainerItemProxy */ = {
			isa = PBXContainerItemProxy;
			containerPortal = 124390502D47B66300CAB1B7 /* Project object */;
			proxyType = 1;
			remoteGlobalIDString = 124390572D47B66300CAB1B7;
			remoteInfo = LearnToTest;
		};
/* End PBXContainerItemProxy section */

/* Begin PBXFileReference section */
		124390582D47B66300CAB1B7 /* LearnToTest.app */ = {isa = PBXFileReference; explicitFileType = wrapper.application; includeInIndex = 0; path = LearnToTest.app; sourceTree = BUILT_PRODUCTS_DIR; };
		1243906D2D47B66500CAB1B7 /* LearnToTestTests.xctest */ = {isa = PBXFileReference; explicitFileType = wrapper.cfbundle; includeInIndex = 0; path = LearnToTestTests.xctest; sourceTree = BUILT_PRODUCTS_DIR; };
		124390772D47B66500CAB1B7 /* LearnToTestUITests.xctest */ = {isa = PBXFileReference; explicitFileType = wrapper.cfbundle; includeInIndex = 0; path = LearnToTestUITests.xctest; sourceTree = BUILT_PRODUCTS_DIR; };
/* End PBXFileReference section */

/* Begin PBXFileSystemSynchronizedBuildFileExceptionSet section */
		1243908C2D47BD6200CAB1B7 /* Exceptions for "LearnToTest" folder in "LearnToTestTests" target */ = {
			isa = PBXFileSystemSynchronizedBuildFileExceptionSet;
			membershipExceptions = (
				ContentView.swift,
			);
			target = 1243906C2D47B66500CAB1B7 /* LearnToTestTests */;
		};
		1243908D2D47BD6200CAB1B7 /* Exceptions for "LearnToTest" folder in "LearnToTestUITests" target */ = {
			isa = PBXFileSystemSynchronizedBuildFileExceptionSet;
			membershipExceptions = (
				ContentView.swift,
			);
			target = 124390762D47B66500CAB1B7 /* LearnToTestUITests */;
		};
/* End PBXFileSystemSynchronizedBuildFileExceptionSet section */

/* Begin PBXFileSystemSynchronizedRootGroup section */
		1243905A2D47B66300CAB1B7 /* LearnToTest */ = {
			isa = PBXFileSystemSynchronizedRootGroup;
			exceptions = (
				1243908C2D47BD6200CAB1B7 /* Exceptions for "LearnToTest" folder in "LearnToTestTests" target */,
				1243908D2D47BD6200CAB1B7 /* Exceptions for "LearnToTest" folder in "LearnToTestUITests" target */,
			);
			path = LearnToTest;
			sourceTree = "<group>";
		};
		124390702D47B66500CAB1B7 /* LearnToTestTests */ = {
			isa = PBXFileSystemSynchronizedRootGroup;
			path = LearnToTestTests;
			sourceTree = "<group>";
		};
		1243907A2D47B66500CAB1B7 /* LearnToTestUITests */ = {
			isa = PBXFileSystemSynchronizedRootGroup;
			path = LearnToTestUITests;
			sourceTree = "<group>";
		};
/* End PBXFileSystemSynchronizedRootGroup section */

/* Begin PBXFrameworksBuildPhase section */
		124390552D47B66300CAB1B7 /* Frameworks */ = {
			isa = PBXFrameworksBuildPhase;
			buildActionMask = 2147483647;
			files = (
			);
			runOnlyForDeploymentPostprocessing = 0;
		};
		1243906A2D47B66500CAB1B7 /* Frameworks */ = {
			isa = PBXFrameworksBuildPhase;
			buildActionMask = 2147483647;
			files = (
			);
			runOnlyForDeploymentPostprocessing = 0;
		};
		124390742D47B66500CAB1B7 /* Frameworks */ = {
			isa = PBXFrameworksBuildPhase;
			buildActionMask = 2147483647;
			files = (
			);
			runOnlyForDeploymentPostprocessing = 0;
		};
/* End PBXFrameworksBuildPhase section */

/* Begin PBXGroup section */
		1243904F2D47B66300CAB1B7 = {
			isa = PBXGroup;
			children = (
				1243905A2D47B66300CAB1B7 /* LearnToTest */,
				124390702D47B66500CAB1B7 /* LearnToTestTests */,
				1243907A2D47B66500CAB1B7 /* LearnToTestUITests */,
				124390592D47B66300CAB1B7 /* Products */,
			);
			sourceTree = "<group>";
		};
		124390592D47B66300CAB1B7 /* Products */ = {
			isa = PBXGroup;
			children = (
				124390582D47B66300CAB1B7 /* LearnToTest.app */,
				1243906D2D47B66500CAB1B7 /* LearnToTestTests.xctest */,
				124390772D47B66500CAB1B7 /* LearnToTestUITests.xctest */,
			);
			name = Products;
			sourceTree = "<group>";
		};
/* End PBXGroup section */

/* Begin PBXNativeTarget section */
		124390572D47B66300CAB1B7 /* LearnToTest */ = {
			isa = PBXNativeTarget;
			buildConfigurationList = 124390812D47B66500CAB1B7 /* Build configuration list for PBXNativeTarget "LearnToTest" */;
			buildPhases = (
				124390542D47B66300CAB1B7 /* Sources */,
				124390552D47B66300CAB1B7 /* Frameworks */,
				124390562D47B66300CAB1B7 /* Resources */,
			);
			buildRules = (
			);
			dependencies = (
			);
			fileSystemSynchronizedGroups = (
				1243905A2D47B66300CAB1B7 /* LearnToTest */,
			);
			name = LearnToTest;
			packageProductDependencies = (
			);
			productName = LearnToTest;
			productReference = 124390582D47B66300CAB1B7 /* LearnToTest.app */;
			productType = "com.apple.product-type.application";
		};
		1243906C2D47B66500CAB1B7 /* LearnToTestTests */ = {
			isa = PBXNativeTarget;
			buildConfigurationList = 124390842D47B66500CAB1B7 /* Build configuration list for PBXNativeTarget "LearnToTestTests" */;
			buildPhases = (
				124390692D47B66500CAB1B7 /* Sources */,
				1243906A2D47B66500CAB1B7 /* Frameworks */,
				1243906B2D47B66500CAB1B7 /* Resources */,
			);
			buildRules = (
			);
			dependencies = (
				1243906F2D47B66500CAB1B7 /* PBXTargetDependency */,
			);
			fileSystemSynchronizedGroups = (
				124390702D47B66500CAB1B7 /* LearnToTestTests */,
			);
			name = LearnToTestTests;
			packageProductDependencies = (
			);
			productName = LearnToTestTests;
			productReference = 1243906D2D47B66500CAB1B7 /* LearnToTestTests.xctest */;
			productType = "com.apple.product-type.bundle.unit-test";
		};
		124390762D47B66500CAB1B7 /* LearnToTestUITests */ = {
			isa = PBXNativeTarget;
			buildConfigurationList = 124390872D47B66500CAB1B7 /* Build configuration list for PBXNativeTarget "LearnToTestUITests" */;
			buildPhases = (
				124390732D47B66500CAB1B7 /* Sources */,
				124390742D47B66500CAB1B7 /* Frameworks */,
				124390752D47B66500CAB1B7 /* Resources */,
			);
			buildRules = (
			);
			dependencies = (
				124390792D47B66500CAB1B7 /* PBXTargetDependency */,
			);
			fileSystemSynchronizedGroups = (
				1243907A2D47B66500CAB1B7 /* LearnToTestUITests */,
			);
			name = LearnToTestUITests;
			packageProductDependencies = (
			);
			productName = LearnToTestUITests;
			productReference = 124390772D47B66500CAB1B7 /* LearnToTestUITests.xctest */;
			productType = "com.apple.product-type.bundle.ui-testing";
		};
/* End PBXNativeTarget section */

/* Begin PBXProject section */
		124390502D47B66300CAB1B7 /* Project object */ = {
			isa = PBXProject;
			attributes = {
				BuildIndependentTargetsInParallel = 1;
				LastSwiftUpdateCheck = 1620;
				LastUpgradeCheck = 1620;
				TargetAttributes = {
					124390572D47B66300CAB1B7 = {
						CreatedOnToolsVersion = 16.2;
					};
					1243906C2D47B66500CAB1B7 = {
						CreatedOnToolsVersion = 16.2;
						TestTargetID = 124390572D47B66300CAB1B7;
					};
					124390762D47B66500CAB1B7 = {
						CreatedOnToolsVersion = 16.2;
						TestTargetID = 124390572D47B66300CAB1B7;
					};
				};
			};
			buildConfigurationList = 124390532D47B66300CAB1B7 /* Build configuration list for PBXProject "LearnToTest" */;
			developmentRegion = en;
			hasScannedForEncodings = 0;
			knownRegions = (
				en,
				Base,
			);
			mainGroup = 1243904F2D47B66300CAB1B7;
			minimizedProjectReferenceProxies = 1;
			preferredProjectObjectVersion = 77;
			productRefGroup = 124390592D47B66300CAB1B7 /* Products */;
			projectDirPath = "";
			projectRoot = "";
			targets = (
				124390572D47B66300CAB1B7 /* LearnToTest */,
				1243906C2D47B66500CAB1B7 /* LearnToTestTests */,
				124390762D47B66500CAB1B7 /* LearnToTestUITests */,
			);
		};
/* End PBXProject section */

/* Begin PBXResourcesBuildPhase section */
		124390562D47B66300CAB1B7 /* Resources */ = {
			isa = PBXResourcesBuildPhase;
			buildActionMask = 2147483647;
			files = (
			);
			runOnlyForDeploymentPostprocessing = 0;
		};
		1243906B2D47B66500CAB1B7 /* Resources */ = {
			isa = PBXResourcesBuildPhase;
			buildActionMask = 2147483647;
			files = (
			);
			runOnlyForDeploymentPostprocessing = 0;
		};
		124390752D47B66500CAB1B7 /* Resources */ = {
			isa = PBXResourcesBuildPhase;
			buildActionMask = 2147483647;
			files = (
			);
			runOnlyForDeploymentPostprocessing = 0;
		};
/* End PBXResourcesBuildPhase section */

/* Begin PBXSourcesBuildPhase section */
		124390542D47B66300CAB1B7 /* Sources */ = {
			isa = PBXSourcesBuildPhase;
			buildActionMask = 2147483647;
			files = (
			);
			runOnlyForDeploymentPostprocessing = 0;
		};
		124390692D47B66500CAB1B7 /* Sources */ = {
			isa = PBXSourcesBuildPhase;
			buildActionMask = 2147483647;
			files = (
			);
			runOnlyForDeploymentPostprocessing = 0;
		};
		124390732D47B66500CAB1B7 /* Sources */ = {
			isa = PBXSourcesBuildPhase;
			buildActionMask = 2147483647;
			files = (
			);
			runOnlyForDeploymentPostprocessing = 0;
		};
/* End PBXSourcesBuildPhase section */

/* Begin PBXTargetDependency section */
		1243906F2D47B66500CAB1B7 /* PBXTargetDependency */ = {
			isa = PBXTargetDependency;
			target = 124390572D47B66300CAB1B7 /* LearnToTest */;
			targetProxy = 1243906E2D47B66500CAB1B7 /* PBXContainerItemProxy */;
		};
		124390792D47B66500CAB1B7 /* PBXTargetDependency */ = {
			isa = PBXTargetDependency;
			target = 124390572D47B66300CAB1B7 /* LearnToTest */;
			targetProxy = 124390782D47B66500CAB1B7 /* PBXContainerItemProxy */;
		};
/* End PBXTargetDependency section */

/* Begin XCBuildConfiguration section */
		1243907F2D47B66500CAB1B7 /* Debug */ = {
			isa = XCBuildConfiguration;
			buildSettings = {
				ALWAYS_SEARCH_USER_PATHS = NO;
				ASSETCATALOG_COMPILER_GENERATE_SWIFT_ASSET_SYMBOL_EXTENSIONS = YES;
				CLANG_ANALYZER_NONNULL = YES;
				CLANG_ANALYZER_NUMBER_OBJECT_CONVERSION = YES_AGGRESSIVE;
				CLANG_CXX_LANGUAGE_STANDARD = "gnu++20";
				CLANG_ENABLE_MODULES = YES;
				CLANG_ENABLE_OBJC_ARC = YES;
				CLANG_ENABLE_OBJC_WEAK = YES;
				CLANG_WARN_BLOCK_CAPTURE_AUTORELEASING = YES;
				CLANG_WARN_BOOL_CONVERSION = YES;
				CLANG_WARN_COMMA = YES;
				CLANG_WARN_CONSTANT_CONVERSION = YES;
				CLANG_WARN_DEPRECATED_OBJC_IMPLEMENTATIONS = YES;
				CLANG_WARN_DIRECT_OBJC_ISA_USAGE = YES_ERROR;
				CLANG_WARN_DOCUMENTATION_COMMENTS = YES;
				CLANG_WARN_EMPTY_BODY = YES;
				CLANG_WARN_ENUM_CONVERSION = YES;
				CLANG_WARN_INFINITE_RECURSION = YES;
				CLANG_WARN_INT_CONVERSION = YES;
				CLANG_WARN_NON_LITERAL_NULL_CONVERSION = YES;
				CLANG_WARN_OBJC_IMPLICIT_RETAIN_SELF = YES;
				CLANG_WARN_OBJC_LITERAL_CONVERSION = YES;
				CLANG_WARN_OBJC_ROOT_CLASS = YES_ERROR;
				CLANG_WARN_QUOTED_INCLUDE_IN_FRAMEWORK_HEADER = YES;
				CLANG_WARN_RANGE_LOOP_ANALYSIS = YES;
				CLANG_WARN_STRICT_PROTOTYPES = YES;
				CLANG_WARN_SUSPICIOUS_MOVE = YES;
				CLANG_WARN_UNGUARDED_AVAILABILITY = YES_AGGRESSIVE;
				CLANG_WARN_UNREACHABLE_CODE = YES;
				CLANG_WARN__DUPLICATE_METHOD_MATCH = YES;
				COPY_PHASE_STRIP = NO;
				DEBUG_INFORMATION_FORMAT = dwarf;
				ENABLE_STRICT_OBJC_MSGSEND = YES;
				ENABLE_TESTABILITY = YES;
				ENABLE_USER_SCRIPT_SANDBOXING = YES;
				GCC_C_LANGUAGE_STANDARD = gnu17;
				GCC_DYNAMIC_NO_PIC = NO;
				GCC_NO_COMMON_BLOCKS = YES;
				GCC_OPTIMIZATION_LEVEL = 0;
				GCC_PREPROCESSOR_DEFINITIONS = (
					"DEBUG=1",
					"$(inherited)",
				);
				GCC_WARN_64_TO_32_BIT_CONVERSION = YES;
				GCC_WARN_ABOUT_RETURN_TYPE = YES_ERROR;
				GCC_WARN_UNDECLARED_SELECTOR = YES;
				GCC_WARN_UNINITIALIZED_AUTOS = YES_AGGRESSIVE;
				GCC_WARN_UNUSED_FUNCTION = YES;
				GCC_WARN_UNUSED_VARIABLE = YES;
				IPHONEOS_DEPLOYMENT_TARGET = 18.2;
				LOCALIZATION_PREFERS_STRING_CATALOGS = YES;
				MTL_ENABLE_DEBUG_INFO = INCLUDE_SOURCE;
				MTL_FAST_MATH = YES;
				ONLY_ACTIVE_ARCH = YES;
				SDKROOT = iphoneos;
				SWIFT_ACTIVE_COMPILATION_CONDITIONS = "DEBUG $(inherited)";
				SWIFT_OPTIMIZATION_LEVEL = "-Onone";
			};
			name = Debug;
		};
		124390802D47B66500CAB1B7 /* Release */ = {
			isa = XCBuildConfiguration;
			buildSettings = {
				ALWAYS_SEARCH_USER_PATHS = NO;
				ASSETCATALOG_COMPILER_GENERATE_SWIFT_ASSET_SYMBOL_EXTENSIONS = YES;
				CLANG_ANALYZER_NONNULL = YES;
				CLANG_ANALYZER_NUMBER_OBJECT_CONVERSION = YES_AGGRESSIVE;
				CLANG_CXX_LANGUAGE_STANDARD = "gnu++20";
				CLANG_ENABLE_MODULES = YES;
				CLANG_ENABLE_OBJC_ARC = YES;
				CLANG_ENABLE_OBJC_WEAK = YES;
				CLANG_WARN_BLOCK_CAPTURE_AUTORELEASING = YES;
				CLANG_WARN_BOOL_CONVERSION = YES;
				CLANG_WARN_COMMA = YES;
				CLANG_WARN_CONSTANT_CONVERSION = YES;
				CLANG_WARN_DEPRECATED_OBJC_IMPLEMENTATIONS = YES;
				CLANG_WARN_DIRECT_OBJC_ISA_USAGE = YES_ERROR;
				CLANG_WARN_DOCUMENTATION_COMMENTS = YES;
				CLANG_WARN_EMPTY_BODY = YES;
				CLANG_WARN_ENUM_CONVERSION = YES;
				CLANG_WARN_INFINITE_RECURSION = YES;
				CLANG_WARN_INT_CONVERSION = YES;
				CLANG_WARN_NON_LITERAL_NULL_CONVERSION = YES;
				CLANG_WARN_OBJC_IMPLICIT_RETAIN_SELF = YES;
				CLANG_WARN_OBJC_LITERAL_CONVERSION = YES;
				CLANG_WARN_OBJC_ROOT_CLASS = YES_ERROR;
				CLANG_WARN_QUOTED_INCLUDE_IN_FRAMEWORK_HEADER = YES;
				CLANG_WARN_RANGE_LOOP_ANALYSIS = YES;
				CLANG_WARN_STRICT_PROTOTYPES = YES;
				CLANG_WARN_SUSPICIOUS_MOVE = YES;
				CLANG_WARN_UNGUARDED_AVAILABILITY = YES_AGGRESSIVE;
				CLANG_WARN_UNREACHABLE_CODE = YES;
				CLANG_WARN__DUPLICATE_METHOD_MATCH = YES;
				COPY_PHASE_STRIP = NO;
				DEBUG_INFORMATION_FORMAT = "dwarf-with-dsym";
				ENABLE_NS_ASSERTIONS = NO;
				ENABLE_STRICT_OBJC_MSGSEND = YES;
				ENABLE_USER_SCRIPT_SANDBOXING = YES;
				GCC_C_LANGUAGE_STANDARD = gnu17;
				GCC_NO_COMMON_BLOCKS = YES;
				GCC_WARN_64_TO_32_BIT_CONVERSION = YES;
				GCC_WARN_ABOUT_RETURN_TYPE = YES_ERROR;
				GCC_WARN_UNDECLARED_SELECTOR = YES;
				GCC_WARN_UNINITIALIZED_AUTOS = YES_AGGRESSIVE;
				GCC_WARN_UNUSED_FUNCTION = YES;
				GCC_WARN_UNUSED_VARIABLE = YES;
				IPHONEOS_DEPLOYMENT_TARGET = 18.2;
				LOCALIZATION_PREFERS_STRING_CATALOGS = YES;
				MTL_ENABLE_DEBUG_INFO = NO;
				MTL_FAST_MATH = YES;
				SDKROOT = iphoneos;
				SWIFT_COMPILATION_MODE = wholemodule;
				VALIDATE_PRODUCT = YES;
			};
			name = Release;
		};
		124390822D47B66500CAB1B7 /* Debug */ = {
			isa = XCBuildConfiguration;
			buildSettings = {
				ASSETCATALOG_COMPILER_APPICON_NAME = AppIcon;
				ASSETCATALOG_COMPILER_GLOBAL_ACCENT_COLOR_NAME = AccentColor;
				CODE_SIGN_STYLE = Automatic;
				CURRENT_PROJECT_VERSION = 1;
				DEVELOPMENT_ASSET_PATHS = "\"LearnToTest/Preview Content\"";
				ENABLE_PREVIEWS = YES;
				GENERATE_INFOPLIST_FILE = YES;
				INFOPLIST_KEY_UIApplicationSceneManifest_Generation = YES;
				INFOPLIST_KEY_UIApplicationSupportsIndirectInputEvents = YES;
				INFOPLIST_KEY_UILaunchScreen_Generation = YES;
				INFOPLIST_KEY_UISupportedInterfaceOrientations_iPad = "UIInterfaceOrientationPortrait UIInterfaceOrientationPortraitUpsideDown UIInterfaceOrientationLandscapeLeft UIInterfaceOrientationLandscapeRight";
				INFOPLIST_KEY_UISupportedInterfaceOrientations_iPhone = "UIInterfaceOrientationPortrait UIInterfaceOrientationLandscapeLeft UIInterfaceOrientationLandscapeRight";
				LD_RUNPATH_SEARCH_PATHS = (
					"$(inherited)",
					"@executable_path/Frameworks",
				);
				MARKETING_VERSION = 1.0;
				PRODUCT_BUNDLE_IDENTIFIER = knowledge.engagement.LearnToTest;
				PRODUCT_NAME = "$(TARGET_NAME)";
				SWIFT_EMIT_LOC_STRINGS = YES;
				SWIFT_VERSION = 5.0;
				TARGETED_DEVICE_FAMILY = "1,2";
			};
			name = Debug;
		};
		124390832D47B66500CAB1B7 /* Release */ = {
			isa = XCBuildConfiguration;
			buildSettings = {
				ASSETCATALOG_COMPILER_APPICON_NAME = AppIcon;
				ASSETCATALOG_COMPILER_GLOBAL_ACCENT_COLOR_NAME = AccentColor;
				CODE_SIGN_STYLE = Automatic;
				CURRENT_PROJECT_VERSION = 1;
				DEVELOPMENT_ASSET_PATHS = "\"LearnToTest/Preview Content\"";
				ENABLE_PREVIEWS = YES;
				GENERATE_INFOPLIST_FILE = YES;
				INFOPLIST_KEY_UIApplicationSceneManifest_Generation = YES;
				INFOPLIST_KEY_UIApplicationSupportsIndirectInputEvents = YES;
				INFOPLIST_KEY_UILaunchScreen_Generation = YES;
				INFOPLIST_KEY_UISupportedInterfaceOrientations_iPad = "UIInterfaceOrientationPortrait UIInterfaceOrientationPortraitUpsideDown UIInterfaceOrientationLandscapeLeft UIInterfaceOrientationLandscapeRight";
				INFOPLIST_KEY_UISupportedInterfaceOrientations_iPhone = "UIInterfaceOrientationPortrait UIInterfaceOrientationLandscapeLeft UIInterfaceOrientationLandscapeRight";
				LD_RUNPATH_SEARCH_PATHS = (
					"$(inherited)",
					"@executable_path/Frameworks",
				);
				MARKETING_VERSION = 1.0;
				PRODUCT_BUNDLE_IDENTIFIER = knowledge.engagement.LearnToTest;
				PRODUCT_NAME = "$(TARGET_NAME)";
				SWIFT_EMIT_LOC_STRINGS = YES;
				SWIFT_VERSION = 5.0;
				TARGETED_DEVICE_FAMILY = "1,2";
			};
			name = Release;
		};
		124390852D47B66500CAB1B7 /* Debug */ = {
			isa = XCBuildConfiguration;
			buildSettings = {
				BUNDLE_LOADER = "$(TEST_HOST)";
				CODE_SIGN_STYLE = Automatic;
				CURRENT_PROJECT_VERSION = 1;
				GENERATE_INFOPLIST_FILE = YES;
				IPHONEOS_DEPLOYMENT_TARGET = 18.2;
				MARKETING_VERSION = 1.0;
				PRODUCT_BUNDLE_IDENTIFIER = knowledge.engagement.LearnToTestTests;
				PRODUCT_NAME = "$(TARGET_NAME)";
				SWIFT_EMIT_LOC_STRINGS = NO;
				SWIFT_VERSION = 5.0;
				TARGETED_DEVICE_FAMILY = "1,2";
				TEST_HOST = "$(BUILT_PRODUCTS_DIR)/LearnToTest.app/$(BUNDLE_EXECUTABLE_FOLDER_PATH)/LearnToTest";
			};
			name = Debug;
		};
		124390862D47B66500CAB1B7 /* Release */ = {
			isa = XCBuildConfiguration;
			buildSettings = {
				BUNDLE_LOADER = "$(TEST_HOST)";
				CODE_SIGN_STYLE = Automatic;
				CURRENT_PROJECT_VERSION = 1;
				GENERATE_INFOPLIST_FILE = YES;
				IPHONEOS_DEPLOYMENT_TARGET = 18.2;
				MARKETING_VERSION = 1.0;
				PRODUCT_BUNDLE_IDENTIFIER = knowledge.engagement.LearnToTestTests;
				PRODUCT_NAME = "$(TARGET_NAME)";
				SWIFT_EMIT_LOC_STRINGS = NO;
				SWIFT_VERSION = 5.0;
				TARGETED_DEVICE_FAMILY = "1,2";
				TEST_HOST = "$(BUILT_PRODUCTS_DIR)/LearnToTest.app/$(BUNDLE_EXECUTABLE_FOLDER_PATH)/LearnToTest";
			};
			name = Release;
		};
		124390882D47B66500CAB1B7 /* Debug */ = {
			isa = XCBuildConfiguration;
			buildSettings = {
				CODE_SIGN_STYLE = Automatic;
				CURRENT_PROJECT_VERSION = 1;
				GENERATE_INFOPLIST_FILE = YES;
				MARKETING_VERSION = 1.0;
				PRODUCT_BUNDLE_IDENTIFIER = knowledge.engagement.LearnToTestUITests;
				PRODUCT_NAME = "$(TARGET_NAME)";
				SWIFT_EMIT_LOC_STRINGS = NO;
				SWIFT_VERSION = 5.0;
				TARGETED_DEVICE_FAMILY = "1,2";
				TEST_TARGET_NAME = LearnToTest;
			};
			name = Debug;
		};
		124390892D47B66500CAB1B7 /* Release */ = {
			isa = XCBuildConfiguration;
			buildSettings = {
				CODE_SIGN_STYLE = Automatic;
				CURRENT_PROJECT_VERSION = 1;
				GENERATE_INFOPLIST_FILE = YES;
				MARKETING_VERSION = 1.0;
				PRODUCT_BUNDLE_IDENTIFIER = knowledge.engagement.LearnToTestUITests;
				PRODUCT_NAME = "$(TARGET_NAME)";
				SWIFT_EMIT_LOC_STRINGS = NO;
				SWIFT_VERSION = 5.0;
				TARGETED_DEVICE_FAMILY = "1,2";
				TEST_TARGET_NAME = LearnToTest;
			};
			name = Release;
		};
/* End XCBuildConfiguration section */

/* Begin XCConfigurationList section */
		124390532D47B66300CAB1B7 /* Build configuration list for PBXProject "LearnToTest" */ = {
			isa = XCConfigurationList;
			buildConfigurations = (
				1243907F2D47B66500CAB1B7 /* Debug */,
				124390802D47B66500CAB1B7 /* Release */,
			);
			defaultConfigurationIsVisible = 0;
			defaultConfigurationName = Release;
		};
		124390812D47B66500CAB1B7 /* Build configuration list for PBXNativeTarget "LearnToTest" */ = {
			isa = XCConfigurationList;
			buildConfigurations = (
				124390822D47B66500CAB1B7 /* Debug */,
				124390832D47B66500CAB1B7 /* Release */,
			);
			defaultConfigurationIsVisible = 0;
			defaultConfigurationName = Release;
		};
		124390842D47B66500CAB1B7 /* Build configuration list for PBXNativeTarget "LearnToTestTests" */ = {
			isa = XCConfigurationList;
			buildConfigurations = (
				124390852D47B66500CAB1B7 /* Debug */,
				124390862D47B66500CAB1B7 /* Release */,
			);
			defaultConfigurationIsVisible = 0;
			defaultConfigurationName = Release;
		};
		124390872D47B66500CAB1B7 /* Build configuration list for PBXNativeTarget "LearnToTestUITests" */ = {
			isa = XCConfigurationList;
			buildConfigurations = (
				124390882D47B66500CAB1B7 /* Debug */,
				124390892D47B66500CAB1B7 /* Release */,
			);
			defaultConfigurationIsVisible = 0;
			defaultConfigurationName = Release;
		};
/* End XCConfigurationList section */
	};
	rootObject = 124390502D47B66300CAB1B7 /* Project object */;
}
